
Microsoft Visual Studio Solution File, Format Version 12.00
# Visual Studio Version 17
VisualStudioVersion = 17.14.36203.30 d17.14
MinimumVisualStudioVersion = 10.0.40219.1
Project("{FAE04EC0-301F-11D3-BF4B-00C04F79EFBC}") = "CLLM_Desktop", "CLLM_Desktop\CLLM_Desktop.csproj", "{18115D4B-84F6-489A-8E60-AD99C75E5916}"
EndProject
Global
	GlobalSection(SolutionConfigurationPlatforms) = preSolution
		Debug|Any CPU = Debug|Any CPU
		Release|Any CPU = Release|Any CPU
	EndGlobalSection
	GlobalSection(ProjectConfigurationPlatforms) = postSolution
		{18115D4B-84F6-489A-8E60-AD99C75E5916}.Debug|Any CPU.ActiveCfg = Debug|Any CPU
		{18115D4B-84F6-489A-8E60-AD99C75E5916}.Debug|Any CPU.Build.0 = Debug|Any CPU
		{18115D4B-84F6-489A-8E60-AD99C75E5916}.Release|Any CPU.ActiveCfg = Release|Any CPU
		{18115D4B-84F6-489A-8E60-AD99C75E5916}.Release|Any CPU.Build.0 = Release|Any CPU
	EndGlobalSection
	GlobalSection(SolutionProperties) = preSolution
		HideSolutionNode = FALSE
	EndGlobalSection
	GlobalSection(ExtensibilityGlobals) = postSolution
		SolutionGuid = {2F08D2B8-5F60-468D-A347-238CF8BA28A1}
	EndGlobalSection
EndGlobal
